
Microsoft Visual Studio Solution File, Format Version 12.00
# Visual Studio 15
VisualStudioVersion = 15.0.27703.2018
MinimumVisualStudioVersion = 10.0.40219.1
Project("{A0786B88-2ADB-4C21-ABE8-AA2D79766269}") = "filmotheque", "filmotheque.phpproj", "{3BE6A278-3213-4F84-A9FB-9CA2173CD3CB}"
EndProject
Global
	GlobalSection(SolutionConfigurationPlatforms) = preSolution
		Debug|Any CPU = Debug|Any CPU
		Release|Any CPU = Release|Any CPU
	EndGlobalSection
	GlobalSection(ProjectConfigurationPlatforms) = postSolution
		{3BE6A278-3213-4F84-A9FB-9CA2173CD3CB}.Debug|Any CPU.ActiveCfg = Debug|Any CPU
		{3BE6A278-3213-4F84-A9FB-9CA2173CD3CB}.Release|Any CPU.ActiveCfg = Release|Any CPU
	EndGlobalSection
	GlobalSection(SolutionProperties) = preSolution
		HideSolutionNode = FALSE
	EndGlobalSection
	GlobalSection(ExtensibilityGlobals) = postSolution
		SolutionGuid = {08A274BA-FAA3-4745-8B7C-547A299A1DAF}
	EndGlobalSection
EndGlobal
